<?xml version="1.0" encoding="utf-8"?>
<Project ToolsVersion="4.0" xmlns="http://schemas.microsoft.com/developer/msbuild/2003">
  <ItemGroup>
    <Filter Include="Source Files">
      <UniqueIdentifier>{4FC737F1-C7A5-4376-A066-2A32D752A2FF}</UniqueIdentifier>
      <Extensions>cpp;c;cc;cxx;def;odl;idl;hpj;bat;asm;asmx</Extensions>
    </Filter>
    <Filter Include="Header Files">
      <UniqueIdentifier>{93995380-89BD-4b04-88EB-625FBE52EBFB}</UniqueIdentifier>
      <Extensions>h;hh;hpp;hxx;hm;inl;inc;xsd</Extensions>
    </Filter>
    <Filter Include="Resource Files">
      <UniqueIdentifier>{67DA6AB6-F800-4c08-8B7A-83BB121AAD01}</UniqueIdentifier>
      <Extensions>rc;ico;cur;bmp;dlg;rc2;rct;bin;rgs;gif;jpg;jpeg;jpe;resx;tiff;tif;png;wav;mfcribbon-ms</Extensions>
    </Filter>
  </ItemGroup>
  <ItemGroup>
    <ClCompile Include="..\GameEngine\AI.cpp">
      <Filter>Resource Files</Filter>
    </ClCompile>
    <ClCompile Include="..\GameEngine\Animation.cpp">
      <Filter>Resource Files</Filter>
    </ClCompile>
    <ClCompile Include="..\GameEngine\Attack.cpp">
      <Filter>Resource Files</Filter>
    </ClCompile>
    <ClCompile Include="..\GameEngine\AttackManager.cpp">
      <Filter>Resource Files</Filter>
    </ClCompile>
    <ClCompile Include="..\GameEngine\BabySlime.cpp">
      <Filter>Resource Files</Filter>
    </ClCompile>
    <ClCompile Include="..\GameEngine\Calculations.cpp">
      <Filter>Resource Files</Filter>
    </ClCompile>
    <ClCompile Include="..\GameEngine\Collidable.cpp">
      <Filter>Resource Files</Filter>
    </ClCompile>
    <ClCompile Include="..\GameEngine\CollisionGrid.cpp">
      <Filter>Resource Files</Filter>
    </ClCompile>
    <ClCompile Include="..\GameEngine\CollisionManager.cpp">
      <Filter>Resource Files</Filter>
    </ClCompile>
    <ClCompile Include="..\GameEngine\Controllable.cpp">
      <Filter>Resource Files</Filter>
    </ClCompile>
    <ClCompile Include="..\GameEngine\DrawableObject.cpp">
      <Filter>Resource Files</Filter>
    </ClCompile>
    <ClCompile Include="..\GameEngine\Entity.cpp">
      <Filter>Resource Files</Filter>
    </ClCompile>
    <ClCompile Include="..\GameEngine\Game.cpp">
      <Filter>Resource Files</Filter>
    </ClCompile>
    <ClCompile Include="..\GameEngine\GameWindow.cpp">
      <Filter>Resource Files</Filter>
    </ClCompile>
    <ClCompile Include="..\GameEngine\InputController.cpp">
      <Filter>Resource Files</Filter>
    </ClCompile>
    <ClCompile Include="..\GameEngine\Player.cpp">
      <Filter>Resource Files</Filter>
    </ClCompile>
    <ClCompile Include="..\GameEngine\ResourceManager.cpp">
      <Filter>Resource Files</Filter>
    </ClCompile>
    <ClCompile Include="..\GameEngine\Slime.cpp">
      <Filter>Resource Files</Filter>
    </ClCompile>
    <ClCompile Include="..\GameEngine\SpriteEffect.cpp">
      <Filter>Resource Files</Filter>
    </ClCompile>
    <ClCompile Include="..\GameEngine\SpriteRenderer.cpp">
      <Filter>Resource Files</Filter>
    </ClCompile>
    <ClCompile Include="Entity_Tests.cpp">
      <Filter>Source Files</Filter>
    </ClCompile>
    <ClCompile Include="..\GameEngine\TileMap.cpp">
      <Filter>Resource Files</Filter>
    </ClCompile>
    <ClCompile Include="..\GameEngine\DrawableObjectManager.cpp">
      <Filter>Resource Files</Filter>
    </ClCompile>
  </ItemGroup>
</Project>